<?xml version="1.0" encoding="UTF-8" standalone="yes" ?>
<CodeBlocks_project_file>
	<FileVersion major="1" minor="6" />
	<Project>
		<Option title="simplex" />
		<Option pch_mode="2" />
		<Option compiler="gcc" />
		<Option virtualFolders="include/;" />
		<Build>
			<Target title="Debug">
				<Option output="bin/Debug/simplex" prefix_auto="1" extension_auto="1" />
				<Option object_output="obj/Debug/" />
				<Option type="1" />
				<Option compiler="gcc" />
				<Compiler>
					<Add option="-g" />
					<Add directory="include" />
				</Compiler>
			</Target>
			<Target title="Release">
				<Option output="bin/Release/simplex" prefix_auto="1" extension_auto="1" />
				<Option object_output="obj/Release/" />
				<Option type="1" />
				<Option compiler="gcc" />
				<Compiler>
					<Add option="-O2" />
					<Add directory="include" />
				</Compiler>
				<Linker>
					<Add option="-s" />
				</Linker>
			</Target>
		</Build>
		<Compiler>
			<Add option="-Wall" />
			<Add option="-fexceptions" />
		</Compiler>
		<Unit filename="include/MessageException.h" />
		<Unit filename="include/ParseError.h" />
		<Unit filename="include/argumentsParseur.h" />
		<Unit filename="include/class_scanner.h" />
		<Unit filename="include/dictionnary.h" />
		<Unit filename="include/example.h" />
		<Unit filename="include/rational.h" />
		<Unit filename="include/simplex.h" />
		<Unit filename="include/std.h" />
		<Unit filename="parser/driver.cpp" />
		<Unit filename="parser/driver.h" />
		<Unit filename="parser/lexer.cpp" />
		<Unit filename="parser/lexer.h" />
		<Unit filename="parser/parser.lex" />
		<Unit filename="parser/parser.y">
			<Option compile="1" />
		</Unit>
		<Unit filename="src/MessageException.cpp" />
		<Unit filename="src/argumentsParseur.cpp" />
		<Unit filename="src/dictionnary.cpp" />
		<Unit filename="src/example.cpp" />
		<Unit filename="src/main.cpp" />
		<Unit filename="src/rational.cpp" />
		<Unit filename="src/simplex.cpp" />
		<Unit filename="src/std.cpp" />
		<Extensions>
			<code_completion />
			<debugger />
		</Extensions>
	</Project>
</CodeBlocks_project_file>
